
Microsoft Visual Studio Solution File, Format Version 12.00
# Visual Studio Version 16
VisualStudioVersion = 16.0.31321.278
MinimumVisualStudioVersion = 10.0.40219.1
Project("{9A19103F-16F7-4668-BE54-9A1E7A4F7556}") = "intag", "intag\intag.csproj", "{60BCA8D2-FF4B-4D4A-8CA8-4D1FF7D21CD6}"
EndProject
Global
	GlobalSection(SolutionConfigurationPlatforms) = preSolution
		Debug|Any CPU = Debug|Any CPU
		Release|Any CPU = Release|Any CPU
	EndGlobalSection
	GlobalSection(ProjectConfigurationPlatforms) = postSolution
		{60BCA8D2-FF4B-4D4A-8CA8-4D1FF7D21CD6}.Debug|Any CPU.ActiveCfg = Debug|Any CPU
		{60BCA8D2-FF4B-4D4A-8CA8-4D1FF7D21CD6}.Debug|Any CPU.Build.0 = Debug|Any CPU
		{60BCA8D2-FF4B-4D4A-8CA8-4D1FF7D21CD6}.Release|Any CPU.ActiveCfg = Release|Any CPU
		{60BCA8D2-FF4B-4D4A-8CA8-4D1FF7D21CD6}.Release|Any CPU.Build.0 = Release|Any CPU
		{60BCA8D2-FF4B-4D4A-8CA8-4D1FF7D21CD6}.Release|Any CPU.Deploy.0 = Release|Any CPU
	EndGlobalSection
	GlobalSection(SolutionProperties) = preSolution
		HideSolutionNode = FALSE
	EndGlobalSection
	GlobalSection(ExtensibilityGlobals) = postSolution
		SolutionGuid = {EBA54C40-ACEF-4857-925B-35A6D6FC0270}
	EndGlobalSection
EndGlobal
